
Microsoft Visual Studio Solution File, Format Version 12.00
# Visual Studio Version 17
VisualStudioVersion = 17.6.33801.468
MinimumVisualStudioVersion = 10.0.40219.1
Project("{9A19103F-16F7-4668-BE54-9A1E7A4F7556}") = "Bulk", "Bulk\Bulk.csproj", "{8744E6D4-D951-44E4-9DBB-D4187A485E13}"
EndProject
Project("{FAE04EC0-301F-11D3-BF4B-00C04F79EFBC}") = "ContractsApi", "ContractsApi\ContractsApi.csproj", "{F39DF18A-F7D6-42F9-ADAE-5115C4BA3A09}"
EndProject
Global
	GlobalSection(SolutionConfigurationPlatforms) = preSolution
		Debug|Any CPU = Debug|Any CPU
		Release|Any CPU = Release|Any CPU
	EndGlobalSection
	GlobalSection(ProjectConfigurationPlatforms) = postSolution
		{8744E6D4-D951-44E4-9DBB-D4187A485E13}.Debug|Any CPU.ActiveCfg = Debug|Any CPU
		{8744E6D4-D951-44E4-9DBB-D4187A485E13}.Debug|Any CPU.Build.0 = Debug|Any CPU
		{8744E6D4-D951-44E4-9DBB-D4187A485E13}.Release|Any CPU.ActiveCfg = Release|Any CPU
		{8744E6D4-D951-44E4-9DBB-D4187A485E13}.Release|Any CPU.Build.0 = Release|Any CPU
		{F39DF18A-F7D6-42F9-ADAE-5115C4BA3A09}.Debug|Any CPU.ActiveCfg = Debug|Any CPU
		{F39DF18A-F7D6-42F9-ADAE-5115C4BA3A09}.Debug|Any CPU.Build.0 = Debug|Any CPU
		{F39DF18A-F7D6-42F9-ADAE-5115C4BA3A09}.Release|Any CPU.ActiveCfg = Release|Any CPU
		{F39DF18A-F7D6-42F9-ADAE-5115C4BA3A09}.Release|Any CPU.Build.0 = Release|Any CPU
	EndGlobalSection
	GlobalSection(SolutionProperties) = preSolution
		HideSolutionNode = FALSE
	EndGlobalSection
	GlobalSection(ExtensibilityGlobals) = postSolution
		SolutionGuid = {2358DEAB-D5F2-4C83-B15D-4E5CA9C7EAED}
	EndGlobalSection
EndGlobal
